
Microsoft Visual Studio Solution File, Format Version 12.00
# Visual Studio Version 17
VisualStudioVersion = 17.8.34316.72
MinimumVisualStudioVersion = 10.0.40219.1
Project("{FAE04EC0-301F-11D3-BF4B-00C04F79EFBC}") = "MasterProject", "MasterProject.csproj", "{646FE906-A8DD-41CE-BC97-1C2DD6AC9ECB}"
EndProject
Global
	GlobalSection(SolutionConfigurationPlatforms) = preSolution
		Debug|Any CPU = Debug|Any CPU
		Release|Any CPU = Release|Any CPU
	EndGlobalSection
	GlobalSection(ProjectConfigurationPlatforms) = postSolution
		{646FE906-A8DD-41CE-BC97-1C2DD6AC9ECB}.Debug|Any CPU.ActiveCfg = Debug|Any CPU
		{646FE906-A8DD-41CE-BC97-1C2DD6AC9ECB}.Debug|Any CPU.Build.0 = Debug|Any CPU
		{646FE906-A8DD-41CE-BC97-1C2DD6AC9ECB}.Release|Any CPU.ActiveCfg = Release|Any CPU
		{646FE906-A8DD-41CE-BC97-1C2DD6AC9ECB}.Release|Any CPU.Build.0 = Release|Any CPU
	EndGlobalSection
	GlobalSection(SolutionProperties) = preSolution
		HideSolutionNode = FALSE
	EndGlobalSection
	GlobalSection(ExtensibilityGlobals) = postSolution
		SolutionGuid = {CBFE47B8-49C5-4BA2-BEEE-25E368D70CDC}
	EndGlobalSection
EndGlobal
